
Microsoft Visual Studio Solution File, Format Version 12.00
# Visual Studio Version 16
VisualStudioVersion = 16.0.30320.27
MinimumVisualStudioVersion = 10.0.40219.1
Project("{FAE04EC0-301F-11D3-BF4B-00C04F79EFBC}") = "CafeteriaOrdering", "CafeteriaOrdering\CafeteriaOrdering.csproj", "{9BF34DDE-D21B-40B1-A0EB-454039E8A801}"
EndProject
Global
	GlobalSection(SolutionConfigurationPlatforms) = preSolution
		Debug|Any CPU = Debug|Any CPU
		Release|Any CPU = Release|Any CPU
	EndGlobalSection
	GlobalSection(ProjectConfigurationPlatforms) = postSolution
		{9BF34DDE-D21B-40B1-A0EB-454039E8A801}.Debug|Any CPU.ActiveCfg = Debug|Any CPU
		{9BF34DDE-D21B-40B1-A0EB-454039E8A801}.Debug|Any CPU.Build.0 = Debug|Any CPU
		{9BF34DDE-D21B-40B1-A0EB-454039E8A801}.Release|Any CPU.ActiveCfg = Release|Any CPU
		{9BF34DDE-D21B-40B1-A0EB-454039E8A801}.Release|Any CPU.Build.0 = Release|Any CPU
	EndGlobalSection
	GlobalSection(SolutionProperties) = preSolution
		HideSolutionNode = FALSE
	EndGlobalSection
	GlobalSection(ExtensibilityGlobals) = postSolution
		SolutionGuid = {1FAC3AC4-5EE1-4516-8140-D4527CAD6DA6}
	EndGlobalSection
EndGlobal
